hash: cae7e7334578f9295f028ffd4e89522e6e51dfd63b54f500ab20e36f661344cc
updated: 2017-08-01T04:10:56.557909081Z
imports:
- name: github.com/dimfeld/httptreemux
  version: 4faa6bbd32f9d5bad5f76288fa1a9e86574f5d46
- name: github.com/golang/protobuf
  version: 748d386b5c1ea99658fd69fe9f03991ce86a90c1
  subpackages:
  - proto
- name: github.com/guregu/kami
  version: 17b5cb25eda7da1f77d85f1bdd512fe0441b1f76
  subpackages:
  - treemux
- name: github.com/zenazn/goji
  version: 4d7077956293261309684d3cf1af673f773c6819
  subpackages:
  - bind
  - graceful
  - web/mutil
  - graceful/listener
- name: golang.org/x/net
  version: f5079bd7f6f74e23c4d65efa0f4ce14cbd6a3c0f
  subpackages:
  - context
- name: google.golang.org/appengine
  version: ad2570cd3913654e00c5f0183b39d2f998e54046
  subpackages:
  - internal
  - internal/app_identity
  - internal/modules
  - internal/base
  - internal/datastore
  - internal/log
  - internal/remote_api
testImports: []
